
Microsoft Visual Studio Solution File, Format Version 12.00
# Visual Studio 14
VisualStudioVersion = 14.0.25123.0
MinimumVisualStudioVersion = 10.0.40219.1
Project("{FAE04EC0-301F-11D3-BF4B-00C04F79EFBC}") = "AmberSite", "AmberSite\AmberSite.csproj", "{72CD3FB3-241C-4E8A-A63A-B93895A18089}"
EndProject
Global
	GlobalSection(SolutionConfigurationPlatforms) = preSolution
		Debug|Any CPU = Debug|Any CPU
		Release|Any CPU = Release|Any CPU
	EndGlobalSection
	GlobalSection(ProjectConfigurationPlatforms) = postSolution
		{72CD3FB3-241C-4E8A-A63A-B93895A18089}.Debug|Any CPU.ActiveCfg = Debug|Any CPU
		{72CD3FB3-241C-4E8A-A63A-B93895A18089}.Debug|Any CPU.Build.0 = Debug|Any CPU
		{72CD3FB3-241C-4E8A-A63A-B93895A18089}.Release|Any CPU.ActiveCfg = Release|Any CPU
		{72CD3FB3-241C-4E8A-A63A-B93895A18089}.Release|Any CPU.Build.0 = Release|Any CPU
	EndGlobalSection
	GlobalSection(SolutionProperties) = preSolution
		HideSolutionNode = FALSE
	EndGlobalSection
EndGlobal
